{
  "name": "msgpackp",
  "version": "1.0.0",
  "lockfileVersion": 3,
  "requires": true,
  "packages": {
    "": {
      "name": "msgpackp",
      "version": "1.0.0",
      "devDependencies": {
        "@rsbuild/core": "^1.6.12",
        "prettier": "^3.7.3",
        "typescript": "^5.9.3"
      }
    },
    "node_modules/@emnapi/core": {
      "version": "1.7.1",
      "resolved": "https://registry.npmjs.org/@emnapi/core/-/core-1.7.1.tgz",
      "integrity": "sha512-o1uhUASyo921r2XtHYOHy7gdkGLge8ghBEQHMWmyJFoXlpU58kIrhhN3w26lpQb6dspetweapMn2CSNwQ8I4wg==",
      "dev": true,
      "license": "MIT",
      "optional": true,
      "dependencies": {
        "@emnapi/wasi-threads": "1.1.0",
        "tslib": "^2.4.0"
      }
    },
    "node_modules/@emnapi/runtime": {
      "version": "1.7.1",
      "resolved": "https://registry.npmjs.org/@emnapi/runtime/-/runtime-1.7.1.tgz",
      "integrity": "sha512-PVtJr5CmLwYAU9PZDMITZoR5iAOShYREoR45EyyLrbntV50mdePTgUn4AmOw90Ifcj+x2kRjdzr1HP3RrNiHGA==",
      "dev": true,
      "license": "MIT",
      "optional": true,
      "dependencies": {
        "tslib": "^2.4.0"
      }
    },
    "node_modules/@emnapi/wasi-threads": {
      "version": "1.1.0",
      "resolved": "https://registry.npmjs.org/@emnapi/wasi-threads/-/wasi-threads-1.1.0.tgz",
      "integrity": "sha512-WI0DdZ8xFSbgMjR1sFsKABJ/C5OnRrjT06JXbZKexJGrDuPTzZdDYfFlsgcCXCyf+suG5QU2e/y1Wo2V/OapLQ==",
      "dev": true,
      "license": "MIT",
      "optional": true,
      "dependencies": {
        "tslib": "^2.4.0"
      }
    },
    "node_modules/@module-federation/error-codes": {
      "version": "0.21.6",
      "resolved": "https://registry.npmjs.org/@module-federation/error-codes/-/error-codes-0.21.6.tgz",
      "integrity": "sha512-MLJUCQ05KnoVl8xd6xs9a5g2/8U+eWmVxg7xiBMeR0+7OjdWUbHwcwgVFatRIwSZvFgKHfWEiI7wsU1q1XbTRQ==",
      "dev": true,
      "license": "MIT"
    },
    "node_modules/@module-federation/runtime": {
      "version": "0.21.6",
      "resolved": "https://registry.npmjs.org/@module-federation/runtime/-/runtime-0.21.6.tgz",
      "integrity": "sha512-+caXwaQqwTNh+CQqyb4mZmXq7iEemRDrTZQGD+zyeH454JAYnJ3s/3oDFizdH6245pk+NiqDyOOkHzzFQorKhQ==",
      "dev": true,
      "license": "MIT",
      "dependencies": {
        "@module-federation/error-codes": "0.21.6",
        "@module-federation/runtime-core": "0.21.6",
        "@module-federation/sdk": "0.21.6"
      }
    },
    "node_modules/@module-federation/runtime-core": {
      "version": "0.21.6",
      "resolved": "https://registry.npmjs.org/@module-federation/runtime-core/-/runtime-core-0.21.6.tgz",
      "integrity": "sha512-5Hd1Y5qp5lU/aTiK66lidMlM/4ji2gr3EXAtJdreJzkY+bKcI5+21GRcliZ4RAkICmvdxQU5PHPL71XmNc7Lsw==",
      "dev": true,
      "license": "MIT",
      "dependencies": {
        "@module-federation/error-codes": "0.21.6",
        "@module-federation/sdk": "0.21.6"
      }
    },
    "node_modules/@module-federation/runtime-tools": {
      "version": "0.21.6",
      "resolved": "https://registry.npmjs.org/@module-federation/runtime-tools/-/runtime-tools-0.21.6.tgz",
      "integrity": "sha512-fnP+ZOZTFeBGiTAnxve+axGmiYn2D60h86nUISXjXClK3LUY1krUfPgf6MaD4YDJ4i51OGXZWPekeMe16pkd8Q==",
      "dev": true,
      "license": "MIT",
      "dependencies": {
        "@module-federation/runtime": "0.21.6",
        "@module-federation/webpack-bundler-runtime": "0.21.6"
      }
    },
    "node_modules/@module-federation/sdk": {
      "version": "0.21.6",
      "resolved": "https://registry.npmjs.org/@module-federation/sdk/-/sdk-0.21.6.tgz",
      "integrity": "sha512-x6hARETb8iqHVhEsQBysuWpznNZViUh84qV2yE7AD+g7uIzHKiYdoWqj10posbo5XKf/147qgWDzKZoKoEP2dw==",
      "dev": true,
      "license": "MIT"
    },
    "node_modules/@module-federation/webpack-bundler-runtime": {
      "version": "0.21.6",
      "resolved": "https://registry.npmjs.org/@module-federation/webpack-bundler-runtime/-/webpack-bundler-runtime-0.21.6.tgz",
      "integrity": "sha512-7zIp3LrcWbhGuFDTUMLJ2FJvcwjlddqhWGxi/MW3ur1a+HaO8v5tF2nl+vElKmbG1DFLU/52l3PElVcWf/YcsQ==",
      "dev": true,
      "license": "MIT",
      "dependencies": {
        "@module-federation/runtime": "0.21.6",
        "@module-federation/sdk": "0.21.6"
      }
    },
    "node_modules/@napi-rs/wasm-runtime": {
      "version": "1.0.7",
      "resolved": "https://registry.npmjs.org/@napi-rs/wasm-runtime/-/wasm-runtime-1.0.7.tgz",
      "integrity": "sha512-SeDnOO0Tk7Okiq6DbXmmBODgOAb9dp9gjlphokTUxmt8U3liIP1ZsozBahH69j/RJv+Rfs6IwUKHTgQYJ/HBAw==",
      "dev": true,
      "license": "MIT",
      "optional": true,
      "dependencies": {
        "@emnapi/core": "^1.5.0",
        "@emnapi/runtime": "^1.5.0",
        "@tybys/wasm-util": "^0.10.1"
      }
    },
    "node_modules/@rsbuild/core": {
      "version": "1.6.13",
      "resolved": "https://registry.npmjs.org/@rsbuild/core/-/core-1.6.13.tgz",
      "integrity": "sha512-7Isd9G6ufIK5+kPCH8OhvVAVD5clsak9bp9IfhyEWT8SH43cLuXsUpK+4w0a6JA/kM98ea7KJEigIuCHJ5wAag==",
      "dev": true,
      "license": "MIT",
      "dependencies": {
        "@rspack/core": "1.6.6",
        "@rspack/lite-tapable": "~1.1.0",
        "@swc/helpers": "^0.5.17",
        "core-js": "~3.47.0",
        "jiti": "^2.6.1"
      },
      "bin": {
        "rsbuild": "bin/rsbuild.js"
      },
      "engines": {
        "node": ">=18.12.0"
      }
    },
    "node_modules/@rspack/binding": {
      "version": "1.6.6",
      "resolved": "https://registry.npmjs.org/@rspack/binding/-/binding-1.6.6.tgz",
      "integrity": "sha512-noiV+qhyBTVpvG2M4bnOwKk2Ynl6G47Wf7wpCjPCFr87qr3txNwTTnhkEJEU59yj+VvIhbRD2rf5+9TLoT0Wxg==",
      "dev": true,
      "license": "MIT",
      "optionalDependencies": {
        "@rspack/binding-darwin-arm64": "1.6.6",
        "@rspack/binding-darwin-x64": "1.6.6",
        "@rspack/binding-linux-arm64-gnu": "1.6.6",
        "@rspack/binding-linux-arm64-musl": "1.6.6",
        "@rspack/binding-linux-x64-gnu": "1.6.6",
        "@rspack/binding-linux-x64-musl": "1.6.6",
        "@rspack/binding-wasm32-wasi": "1.6.6",
        "@rspack/binding-win32-arm64-msvc": "1.6.6",
        "@rspack/binding-win32-ia32-msvc": "1.6.6",
        "@rspack/binding-win32-x64-msvc": "1.6.6"
      }
    },
    "node_modules/@rspack/binding-darwin-arm64": {
      "version": "1.6.6",
      "resolved": "https://registry.npmjs.org/@rspack/binding-darwin-arm64/-/binding-darwin-arm64-1.6.6.tgz",
      "integrity": "sha512-vGVDP0rlWa2w/gLba/sncVfkCah0HmhdmK5vGj/7sSX0iViwQneA2xjxDHyCNSQrvfq9GJmj4Kmdq/9tGh0KuA==",
      "cpu": [
        "arm64"
      ],
      "dev": true,
      "license": "MIT",
      "optional": true,
      "os": [
        "darwin"
      ]
    },
    "node_modules/@rspack/binding-darwin-x64": {
      "version": "1.6.6",
      "resolved": "https://registry.npmjs.org/@rspack/binding-darwin-x64/-/binding-darwin-x64-1.6.6.tgz",
      "integrity": "sha512-IcdEG2kOmbPPO70Zl7gDnowDjK7d7C1hWew2vU7dPltr2t1JalRIMnS051lhiur0ULkSxV3cW1zXqv0Oi8AnOg==",
      "cpu": [
        "x64"
      ],
      "dev": true,
      "license": "MIT",
      "optional": true,
      "os": [
        "darwin"
      ]
    },
    "node_modules/@rspack/binding-linux-arm64-gnu": {
      "version": "1.6.6",
      "resolved": "https://registry.npmjs.org/@rspack/binding-linux-arm64-gnu/-/binding-linux-arm64-gnu-1.6.6.tgz",
      "integrity": "sha512-rIguCCtlTcwoFlwheDiUgdImk27spuCRn43zGJogARpM/ZYRFKIuSwFDGUtJT2g0TSLUAHUhWAUqC36NwvrbMQ==",
      "cpu": [
        "arm64"
      ],
      "dev": true,
      "license": "MIT",
      "optional": true,
      "os": [
        "linux"
      ]
    },
    "node_modules/@rspack/binding-linux-arm64-musl": {
      "version": "1.6.6",
      "resolved": "https://registry.npmjs.org/@rspack/binding-linux-arm64-musl/-/binding-linux-arm64-musl-1.6.6.tgz",
      "integrity": "sha512-x6X6Gr0fUw6qrJGxZt3Rb6oIX+jd9pdcyp0VbtofcLaqGVQbzustYsYnuLATPOys0q4J/4kWnmEhkjLJHwkhpQ==",
      "cpu": [
        "arm64"
      ],
      "dev": true,
      "license": "MIT",
      "optional": true,
      "os": [
        "linux"
      ]
    },
    "node_modules/@rspack/binding-linux-x64-gnu": {
      "version": "1.6.6",
      "resolved": "https://registry.npmjs.org/@rspack/binding-linux-x64-gnu/-/binding-linux-x64-gnu-1.6.6.tgz",
      "integrity": "sha512-gSlVdASszWHosQKn+nzYOInBijdQboUnmNMGgW9/PijVg3433IvQjzviUuJFno8CMGgrACV9yw+ZFDuK0J57VA==",
      "cpu": [
        "x64"
      ],
      "dev": true,
      "license": "MIT",
      "optional": true,
      "os": [
        "linux"
      ]
    },
    "node_modules/@rspack/binding-linux-x64-musl": {
      "version": "1.6.6",
      "resolved": "https://registry.npmjs.org/@rspack/binding-linux-x64-musl/-/binding-linux-x64-musl-1.6.6.tgz",
      "integrity": "sha512-TZaqVkh7memsTK/hxkOBrbpdzbmBUMea1YnYt++7QjMgco1kWFvAQ+YhAWtIaOaEg8s6C07Lt0Zp8izM2Dja0g==",
      "cpu": [
        "x64"
      ],
      "dev": true,
      "license": "MIT",
      "optional": true,
      "os": [
        "linux"
      ]
    },
    "node_modules/@rspack/binding-wasm32-wasi": {
      "version": "1.6.6",
      "resolved": "https://registry.npmjs.org/@rspack/binding-wasm32-wasi/-/binding-wasm32-wasi-1.6.6.tgz",
      "integrity": "sha512-W4mWdlLnYrbUaktyHOGNfATblxMTbgF7CBfDw8PhbDtjd2l8e/TnaHgIDkwITHXAOMEF/QEKfo9FtusbcQJNKw==",
      "cpu": [
        "wasm32"
      ],
      "dev": true,
      "license": "MIT",
      "optional": true,
      "dependencies": {
        "@napi-rs/wasm-runtime": "1.0.7"
      }
    },
    "node_modules/@rspack/binding-win32-arm64-msvc": {
      "version": "1.6.6",
      "resolved": "https://registry.npmjs.org/@rspack/binding-win32-arm64-msvc/-/binding-win32-arm64-msvc-1.6.6.tgz",
      "integrity": "sha512-cw5OgxqoDwjoZlk0L3vGEwcjPZsOVFYLwr2ssiC05rsTbhBwxj8coLpAJdvUvbf6C2TTmCB7iPe2sPq1KWD37g==",
      "cpu": [
        "arm64"
      ],
      "dev": true,
      "license": "MIT",
      "optional": true,
      "os": [
        "win32"
      ]
    },
    "node_modules/@rspack/binding-win32-ia32-msvc": {
      "version": "1.6.6",
      "resolved": "https://registry.npmjs.org/@rspack/binding-win32-ia32-msvc/-/binding-win32-ia32-msvc-1.6.6.tgz",
      "integrity": "sha512-M4ruR+VZ59iy+mPjy6FQPT27cOgeytf3wFBrt7e0suKeNLYGxrNyI9YhgpCTY++SMJsAMgRLGDHoI3ZgWulw1Q==",
      "cpu": [
        "ia32"
      ],
      "dev": true,
      "license": "MIT",
      "optional": true,
      "os": [
        "win32"
      ]
    },
    "node_modules/@rspack/binding-win32-x64-msvc": {
      "version": "1.6.6",
      "resolved": "https://registry.npmjs.org/@rspack/binding-win32-x64-msvc/-/binding-win32-x64-msvc-1.6.6.tgz",
      "integrity": "sha512-q5QTvdhPUh+CA93cQG5zWKRIHMIWPzw+ftFDEwBw52zYdvNAoLniqD8o5Mi8CT0pndhulXgR5aw0Sjd3eMah+A==",
      "cpu": [
        "x64"
      ],
      "dev": true,
      "license": "MIT",
      "optional": true,
      "os": [
        "win32"
      ]
    },
    "node_modules/@rspack/core": {
      "version": "1.6.6",
      "resolved": "https://registry.npmjs.org/@rspack/core/-/core-1.6.6.tgz",
      "integrity": "sha512-2mR+2YBydlgZ7Q0Rpd6bCC3MBnV9TS0x857K0zIhbDj4BQOqaWVy1n7fx/B3MrS8TR0QCuzKfyDAjNz+XTyJVQ==",
      "dev": true,
      "license": "MIT",
      "dependencies": {
        "@module-federation/runtime-tools": "0.21.6",
        "@rspack/binding": "1.6.6",
        "@rspack/lite-tapable": "1.1.0"
      },
      "engines": {
        "node": ">=18.12.0"
      },
      "peerDependencies": {
        "@swc/helpers": ">=0.5.1"
      },
      "peerDependenciesMeta": {
        "@swc/helpers": {
          "optional": true
        }
      }
    },
    "node_modules/@rspack/lite-tapable": {
      "version": "1.1.0",
      "resolved": "https://registry.npmjs.org/@rspack/lite-tapable/-/lite-tapable-1.1.0.tgz",
      "integrity": "sha512-E2B0JhYFmVAwdDiG14+DW0Di4Ze4Jg10Pc4/lILUrd5DRCaklduz2OvJ5HYQ6G+hd+WTzqQb3QnDNfK4yvAFYw==",
      "dev": true,
      "license": "MIT"
    },
    "node_modules/@swc/helpers": {
      "version": "0.5.17",
      "resolved": "https://registry.npmjs.org/@swc/helpers/-/helpers-0.5.17.tgz",
      "integrity": "sha512-5IKx/Y13RsYd+sauPb2x+U/xZikHjolzfuDgTAl/Tdf3Q8rslRvC19NKDLgAJQ6wsqADk10ntlv08nPFw/gO/A==",
      "dev": true,
      "license": "Apache-2.0",
      "dependencies": {
        "tslib": "^2.8.0"
      }
    },
    "node_modules/@tybys/wasm-util": {
      "version": "0.10.1",
      "resolved": "https://registry.npmjs.org/@tybys/wasm-util/-/wasm-util-0.10.1.tgz",
      "integrity": "sha512-9tTaPJLSiejZKx+Bmog4uSubteqTvFrVrURwkmHixBo0G4seD0zUxp98E1DzUBJxLQ3NPwXrGKDiVjwx/DpPsg==",
      "dev": true,
      "license": "MIT",
      "optional": true,
      "dependencies": {
        "tslib": "^2.4.0"
      }
    },
    "node_modules/core-js": {
      "version": "3.47.0",
      "resolved": "https://registry.npmjs.org/core-js/-/core-js-3.47.0.tgz",
      "integrity": "sha512-c3Q2VVkGAUyupsjRnaNX6u8Dq2vAdzm9iuPj5FW0fRxzlxgq9Q39MDq10IvmQSpLgHQNyQzQmOo6bgGHmH3NNg==",
      "dev": true,
      "hasInstallScript": true,
      "license": "MIT",
      "funding": {
        "type": "opencollective",
        "url": "https://opencollective.com/core-js"
      }
    },
    "node_modules/jiti": {
      "version": "2.6.1",
      "resolved": "https://registry.npmjs.org/jiti/-/jiti-2.6.1.tgz",
      "integrity": "sha512-ekilCSN1jwRvIbgeg/57YFh8qQDNbwDb9xT/qu2DAHbFFZUicIl4ygVaAvzveMhMVr3LnpSKTNnwt8PoOfmKhQ==",
      "dev": true,
      "license": "MIT",
      "bin": {
        "jiti": "lib/jiti-cli.mjs"
      }
    },
    "node_modules/prettier": {
      "version": "3.7.4",
      "resolved": "https://registry.npmjs.org/prettier/-/prettier-3.7.4.tgz",
      "integrity": "sha512-v6UNi1+3hSlVvv8fSaoUbggEM5VErKmmpGA7Pl3HF8V6uKY7rvClBOJlH6yNwQtfTueNkGVpOv/mtWL9L4bgRA==",
      "dev": true,
      "license": "MIT",
      "bin": {
        "prettier": "bin/prettier.cjs"
      },
      "engines": {
        "node": ">=14"
      },
      "funding": {
        "url": "https://github.com/prettier/prettier?sponsor=1"
      }
    },
    "node_modules/tslib": {
      "version": "2.8.1",
      "resolved": "https://registry.npmjs.org/tslib/-/tslib-2.8.1.tgz",
      "integrity": "sha512-oJFu94HQb+KVduSUQL7wnpmqnfmLsOA/nAh6b6EH0wCEoK0/mPeXU6c3wKDV83MkOuHPRHtSXKKU99IBazS/2w==",
      "dev": true,
      "license": "0BSD"
    },
    "node_modules/typescript": {
      "version": "5.9.3",
      "resolved": "https://registry.npmjs.org/typescript/-/typescript-5.9.3.tgz",
      "integrity": "sha512-jl1vZzPDinLr9eUt3J/t7V6FgNEw9QjvBPdysz9KfQDD41fQrC2Y4vKQdiaUpFT4bXlb1RHhLpp8wtm6M5TgSw==",
      "dev": true,
      "license": "Apache-2.0",
      "bin": {
        "tsc": "bin/tsc",
        "tsserver": "bin/tsserver"
      },
      "engines": {
        "node": ">=14.17"
      }
    }
  }
}
